
Microsoft Visual Studio Solution File, Format Version 12.00
# Visual Studio Version 16
VisualStudioVersion = 16.0.30804.86
MinimumVisualStudioVersion = 10.0.40219.1
Project("{FAE04EC0-301F-11D3-BF4B-00C04F79EFBC}") = "KPGL_", "KPGL_\KPGL_.csproj", "{C3089A8C-88AC-474D-8FBA-CBF2FE78C07F}"
EndProject
Project("{2150E333-8FDC-42A3-9474-1A3956D46DE8}") = "Solution Items", "Solution Items", "{1B516347-9B83-4A96-9407-B48AFB23BAC6}"
	ProjectSection(SolutionItems) = preProject
		README.txt = README.txt
	EndProjectSection
EndProject
Global
	GlobalSection(SolutionConfigurationPlatforms) = preSolution
		Debug|Any CPU = Debug|Any CPU
		Release|Any CPU = Release|Any CPU
	EndGlobalSection
	GlobalSection(ProjectConfigurationPlatforms) = postSolution
		{C3089A8C-88AC-474D-8FBA-CBF2FE78C07F}.Debug|Any CPU.ActiveCfg = Debug|Any CPU
		{C3089A8C-88AC-474D-8FBA-CBF2FE78C07F}.Debug|Any CPU.Build.0 = Debug|Any CPU
		{C3089A8C-88AC-474D-8FBA-CBF2FE78C07F}.Release|Any CPU.ActiveCfg = Release|Any CPU
		{C3089A8C-88AC-474D-8FBA-CBF2FE78C07F}.Release|Any CPU.Build.0 = Release|Any CPU
	EndGlobalSection
	GlobalSection(SolutionProperties) = preSolution
		HideSolutionNode = FALSE
	EndGlobalSection
	GlobalSection(ExtensibilityGlobals) = postSolution
		SolutionGuid = {36AD0235-6B3C-4F7B-85D4-0F987867BCE4}
	EndGlobalSection
EndGlobal
